
Microsoft Visual Studio Solution File, Format Version 12.00
# Visual Studio Version 16
VisualStudioVersion = 16.0.30413.136
MinimumVisualStudioVersion = 10.0.40219.1
Project("{FAE04EC0-301F-11D3-BF4B-00C04F79EFBC}") = "UnitaryTestsVideoLessons", "UnitaryTestsVideoLessons\UnitaryTestsVideoLessons.csproj", "{D5741062-D1BD-43A5-BCB1-1639C2851C68}"
EndProject
Project("{FAE04EC0-301F-11D3-BF4B-00C04F79EFBC}") = "UnitaryTestsVideoLessonsTest", "UnitaryTestsVideoLessonsTest\UnitaryTestsVideoLessonsTest.csproj", "{73908DAC-9871-4ED5-9233-5D3F0383E677}"
EndProject
Global
	GlobalSection(SolutionConfigurationPlatforms) = preSolution
		Debug|Any CPU = Debug|Any CPU
		Release|Any CPU = Release|Any CPU
	EndGlobalSection
	GlobalSection(ProjectConfigurationPlatforms) = postSolution
		{D5741062-D1BD-43A5-BCB1-1639C2851C68}.Debug|Any CPU.ActiveCfg = Debug|Any CPU
		{D5741062-D1BD-43A5-BCB1-1639C2851C68}.Debug|Any CPU.Build.0 = Debug|Any CPU
		{D5741062-D1BD-43A5-BCB1-1639C2851C68}.Release|Any CPU.ActiveCfg = Release|Any CPU
		{D5741062-D1BD-43A5-BCB1-1639C2851C68}.Release|Any CPU.Build.0 = Release|Any CPU
		{73908DAC-9871-4ED5-9233-5D3F0383E677}.Debug|Any CPU.ActiveCfg = Debug|Any CPU
		{73908DAC-9871-4ED5-9233-5D3F0383E677}.Debug|Any CPU.Build.0 = Debug|Any CPU
		{73908DAC-9871-4ED5-9233-5D3F0383E677}.Release|Any CPU.ActiveCfg = Release|Any CPU
		{73908DAC-9871-4ED5-9233-5D3F0383E677}.Release|Any CPU.Build.0 = Release|Any CPU
	EndGlobalSection
	GlobalSection(SolutionProperties) = preSolution
		HideSolutionNode = FALSE
	EndGlobalSection
	GlobalSection(ExtensibilityGlobals) = postSolution
		SolutionGuid = {8919570A-4AF1-4A72-A6C0-1281278ACB71}
	EndGlobalSection
EndGlobal
